
Microsoft Visual Studio Solution File, Format Version 12.00
# Visual Studio 15
VisualStudioVersion = 15.0.26403.7
MinimumVisualStudioVersion = 10.0.40219.1
Project("{2150E333-8FDC-42A3-9474-1A3956D46DE8}") = "src", "src", "{F7DBBAC3-FC6C-434B-AEEF-F8F820109139}"
	ProjectSection(SolutionItems) = preProject
		_NuGet.config = _NuGet.config
	EndProjectSection
EndProject
Project("{2150E333-8FDC-42A3-9474-1A3956D46DE8}") = "Solution Items", "Solution Items", "{FE8D4BD9-8EEB-4942-9E36-BC71EA90911C}"
EndProject
Project("{2150E333-8FDC-42A3-9474-1A3956D46DE8}") = "tests", "tests", "{153B5D2C-BB13-43EE-8057-2E8C8C9355B1}"
EndProject
Project("{FAE04EC0-301F-11D3-BF4B-00C04F79EFBC}") = "DataAccessInterfaces", "DataAccessInterfaces\DataAccessInterfaces.csproj", "{56E2DC38-D459-4058-AAAF-11E88DB42172}"
EndProject
Project("{FAE04EC0-301F-11D3-BF4B-00C04F79EFBC}") = "DataAccess", "DataAccess\DataAccess.csproj", "{DCFF9396-0E68-4C64-821A-8E7E51DE32FF}"
EndProject
Project("{FAE04EC0-301F-11D3-BF4B-00C04F79EFBC}") = "Services", "Services\Services.csproj", "{A70B077F-D2C7-4550-940D-AB39B11A8588}"
EndProject
Project("{FAE04EC0-301F-11D3-BF4B-00C04F79EFBC}") = "Services.Tests", "Services.Tests\Services.Tests.csproj", "{602613A2-F96B-472B-8D2C-A65465AAC0F2}"
EndProject
Project("{FAE04EC0-301F-11D3-BF4B-00C04F79EFBC}") = "Api", "Api\Api.csproj", "{014A5002-0D7F-4F21-8D78-DFCD2978DCDA}"
EndProject
Project("{FAE04EC0-301F-11D3-BF4B-00C04F79EFBC}") = "ServicesInterfaces", "ServicesInterfaces\ServicesInterfaces.csproj", "{2F6118EC-67DC-4F16-87D7-6A4631593A62}"
EndProject
Global
	GlobalSection(SolutionConfigurationPlatforms) = preSolution
		Debug|Any CPU = Debug|Any CPU
		Release|Any CPU = Release|Any CPU
	EndGlobalSection
	GlobalSection(ProjectConfigurationPlatforms) = postSolution
		{56E2DC38-D459-4058-AAAF-11E88DB42172}.Debug|Any CPU.ActiveCfg = Debug|Any CPU
		{56E2DC38-D459-4058-AAAF-11E88DB42172}.Debug|Any CPU.Build.0 = Debug|Any CPU
		{56E2DC38-D459-4058-AAAF-11E88DB42172}.Release|Any CPU.ActiveCfg = Release|Any CPU
		{56E2DC38-D459-4058-AAAF-11E88DB42172}.Release|Any CPU.Build.0 = Release|Any CPU
		{DCFF9396-0E68-4C64-821A-8E7E51DE32FF}.Debug|Any CPU.ActiveCfg = Debug|Any CPU
		{DCFF9396-0E68-4C64-821A-8E7E51DE32FF}.Debug|Any CPU.Build.0 = Debug|Any CPU
		{DCFF9396-0E68-4C64-821A-8E7E51DE32FF}.Release|Any CPU.ActiveCfg = Release|Any CPU
		{DCFF9396-0E68-4C64-821A-8E7E51DE32FF}.Release|Any CPU.Build.0 = Release|Any CPU
		{A70B077F-D2C7-4550-940D-AB39B11A8588}.Debug|Any CPU.ActiveCfg = Debug|Any CPU
		{A70B077F-D2C7-4550-940D-AB39B11A8588}.Debug|Any CPU.Build.0 = Debug|Any CPU
		{A70B077F-D2C7-4550-940D-AB39B11A8588}.Release|Any CPU.ActiveCfg = Release|Any CPU
		{A70B077F-D2C7-4550-940D-AB39B11A8588}.Release|Any CPU.Build.0 = Release|Any CPU
		{602613A2-F96B-472B-8D2C-A65465AAC0F2}.Debug|Any CPU.ActiveCfg = Debug|Any CPU
		{602613A2-F96B-472B-8D2C-A65465AAC0F2}.Debug|Any CPU.Build.0 = Debug|Any CPU
		{602613A2-F96B-472B-8D2C-A65465AAC0F2}.Release|Any CPU.ActiveCfg = Release|Any CPU
		{602613A2-F96B-472B-8D2C-A65465AAC0F2}.Release|Any CPU.Build.0 = Release|Any CPU
		{014A5002-0D7F-4F21-8D78-DFCD2978DCDA}.Debug|Any CPU.ActiveCfg = Debug|Any CPU
		{014A5002-0D7F-4F21-8D78-DFCD2978DCDA}.Debug|Any CPU.Build.0 = Debug|Any CPU
		{014A5002-0D7F-4F21-8D78-DFCD2978DCDA}.Release|Any CPU.ActiveCfg = Release|Any CPU
		{014A5002-0D7F-4F21-8D78-DFCD2978DCDA}.Release|Any CPU.Build.0 = Release|Any CPU
		{2F6118EC-67DC-4F16-87D7-6A4631593A62}.Debug|Any CPU.ActiveCfg = Debug|Any CPU
		{2F6118EC-67DC-4F16-87D7-6A4631593A62}.Debug|Any CPU.Build.0 = Debug|Any CPU
		{2F6118EC-67DC-4F16-87D7-6A4631593A62}.Release|Any CPU.ActiveCfg = Release|Any CPU
		{2F6118EC-67DC-4F16-87D7-6A4631593A62}.Release|Any CPU.Build.0 = Release|Any CPU
	EndGlobalSection
	GlobalSection(SolutionProperties) = preSolution
		HideSolutionNode = FALSE
	EndGlobalSection
	GlobalSection(NestedProjects) = preSolution
		{56E2DC38-D459-4058-AAAF-11E88DB42172} = {F7DBBAC3-FC6C-434B-AEEF-F8F820109139}
		{DCFF9396-0E68-4C64-821A-8E7E51DE32FF} = {F7DBBAC3-FC6C-434B-AEEF-F8F820109139}
		{A70B077F-D2C7-4550-940D-AB39B11A8588} = {F7DBBAC3-FC6C-434B-AEEF-F8F820109139}
		{602613A2-F96B-472B-8D2C-A65465AAC0F2} = {153B5D2C-BB13-43EE-8057-2E8C8C9355B1}
		{014A5002-0D7F-4F21-8D78-DFCD2978DCDA} = {F7DBBAC3-FC6C-434B-AEEF-F8F820109139}
		{2F6118EC-67DC-4F16-87D7-6A4631593A62} = {F7DBBAC3-FC6C-434B-AEEF-F8F820109139}
	EndGlobalSection
EndGlobal
